// !$*UTF8*$!
{
	archiveVersion = 1;
	classes = {
	};
	objectVersion = 50;
	objects = {

/* Begin PBXBuildFile section */
		B010760C2347A12C008CE3D9 /* GridGenerator.swift in Sources */ = {isa = PBXBuildFile; fileRef = B010760B2347A12C008CE3D9 /* GridGenerator.swift */; };
		B010760E2347A181008CE3D9 /* AlbumGridConfiguration.swift in Sources */ = {isa = PBXBuildFile; fileRef = B010760D2347A181008CE3D9 /* AlbumGridConfiguration.swift */; };
		B01076112347AC04008CE3D9 /* GridUILabels.swift in Sources */ = {isa = PBXBuildFile; fileRef = B01076102347AC04008CE3D9 /* GridUILabels.swift */; };
		B01076132347AFF8008CE3D9 /* GridSeparatorView.swift in Sources */ = {isa = PBXBuildFile; fileRef = B01076122347AFF8008CE3D9 /* GridSeparatorView.swift */; };
		B0553B0A234406620006EACF /* AppDelegate.swift in Sources */ = {isa = PBXBuildFile; fileRef = B0553B09234406620006EACF /* AppDelegate.swift */; };
		B0553B0C234406620006EACF /* SceneDelegate.swift in Sources */ = {isa = PBXBuildFile; fileRef = B0553B0B234406620006EACF /* SceneDelegate.swift */; };
		B0553B0E234406620006EACF /* AlbumListViewController.swift in Sources */ = {isa = PBXBuildFile; fileRef = B0553B0D234406620006EACF /* AlbumListViewController.swift */; };
		B0553B13234406640006EACF /* Assets.xcassets in Resources */ = {isa = PBXBuildFile; fileRef = B0553B12234406640006EACF /* Assets.xcassets */; };
		B0553B16234406640006EACF /* LaunchScreen.storyboard in Resources */ = {isa = PBXBuildFile; fileRef = B0553B14234406640006EACF /* LaunchScreen.storyboard */; };
		B0553B21234406640006EACF /* iTunesRSSFeedListTests.swift in Sources */ = {isa = PBXBuildFile; fileRef = B0553B20234406640006EACF /* iTunesRSSFeedListTests.swift */; };
		B080512B23451C9600D0E1CC /* NetworkError.swift in Sources */ = {isa = PBXBuildFile; fileRef = B080512A23451C9600D0E1CC /* NetworkError.swift */; };
		B080512D2345300700D0E1CC /* APIWrapper.swift in Sources */ = {isa = PBXBuildFile; fileRef = B080512C2345300600D0E1CC /* APIWrapper.swift */; };
		B080512F23453B7300D0E1CC /* AlbumListViewModel.swift in Sources */ = {isa = PBXBuildFile; fileRef = B080512E23453B7300D0E1CC /* AlbumListViewModel.swift */; };
		B08051312345632D00D0E1CC /* AlbumTableViewCell.swift in Sources */ = {isa = PBXBuildFile; fileRef = B08051302345632D00D0E1CC /* AlbumTableViewCell.swift */; };
		B0805134234625A200D0E1CC /* ImageCache.swift in Sources */ = {isa = PBXBuildFile; fileRef = B0805133234625A200D0E1CC /* ImageCache.swift */; };
		B0805136234632AB00D0E1CC /* AlbumDetailViewController.swift in Sources */ = {isa = PBXBuildFile; fileRef = B0805135234632AB00D0E1CC /* AlbumDetailViewController.swift */; };
		B0805138234632C300D0E1CC /* AlbumDetailCoordinator.swift in Sources */ = {isa = PBXBuildFile; fileRef = B0805137234632C300D0E1CC /* AlbumDetailCoordinator.swift */; };
		B080513A234632D400D0E1CC /* AlbumDetailViewModel.swift in Sources */ = {isa = PBXBuildFile; fileRef = B0805139234632D400D0E1CC /* AlbumDetailViewModel.swift */; };
		B0A77B722344F6D100DB9DDE /* UIViewHelpers.swift in Sources */ = {isa = PBXBuildFile; fileRef = B0A77B712344F6D100DB9DDE /* UIViewHelpers.swift */; };
		B0C2B74C2347F25D005BF93A /* CustomUIColors.swift in Sources */ = {isa = PBXBuildFile; fileRef = B0C2B74B2347F25D005BF93A /* CustomUIColors.swift */; };
		B0C2B74E2347F5A2005BF93A /* AlbumActionButton.swift in Sources */ = {isa = PBXBuildFile; fileRef = B0C2B74D2347F5A2005BF93A /* AlbumActionButton.swift */; };
		B0CB397E23450CDB006881B3 /* Constants.swift in Sources */ = {isa = PBXBuildFile; fileRef = B0CB397D23450CDB006881B3 /* Constants.swift */; };
		B0CB398123451164006881B3 /* Album.swift in Sources */ = {isa = PBXBuildFile; fileRef = B0CB398023451164006881B3 /* Album.swift */; };
		B0CB3983234512FF006881B3 /* Genre.swift in Sources */ = {isa = PBXBuildFile; fileRef = B0CB3982234512FF006881B3 /* Genre.swift */; };
		B0CB3986234514B6006881B3 /* NetworkRequest.swift in Sources */ = {isa = PBXBuildFile; fileRef = B0CB3985234514B6006881B3 /* NetworkRequest.swift */; };
		B0EE292923450652006D38BB /* ApplicationCoordinator.swift in Sources */ = {isa = PBXBuildFile; fileRef = B0EE292823450652006D38BB /* ApplicationCoordinator.swift */; };
		B0EE292B234508D4006D38BB /* AlbumListCoordinator.swift in Sources */ = {isa = PBXBuildFile; fileRef = B0EE292A234508D4006D38BB /* AlbumListCoordinator.swift */; };
/* End PBXBuildFile section */

/* Begin PBXContainerItemProxy section */
		B0553B1D234406640006EACF /* PBXContainerItemProxy */ = {
			isa = PBXContainerItemProxy;
			containerPortal = B0553AFE234406620006EACF /* Project object */;
			proxyType = 1;
			remoteGlobalIDString = B0553B05234406620006EACF;
			remoteInfo = iTunesRSSFeedList;
		};
/* End PBXContainerItemProxy section */

/* Begin PBXFileReference section */
		B010760B2347A12C008CE3D9 /* GridGenerator.swift */ = {isa = PBXFileReference; lastKnownFileType = sourcecode.swift; path = GridGenerator.swift; sourceTree = "<group>"; };
		B010760D2347A181008CE3D9 /* AlbumGridConfiguration.swift */ = {isa = PBXFileReference; lastKnownFileType = sourcecode.swift; path = AlbumGridConfiguration.swift; sourceTree = "<group>"; };
		B01076102347AC04008CE3D9 /* GridUILabels.swift */ = {isa = PBXFileReference; lastKnownFileType = sourcecode.swift; path = GridUILabels.swift; sourceTree = "<group>"; };
		B01076122347AFF8008CE3D9 /* GridSeparatorView.swift */ = {isa = PBXFileReference; lastKnownFileType = sourcecode.swift; path = GridSeparatorView.swift; sourceTree = "<group>"; };
		B0553B06234406620006EACF /* iTunesRSSFeedList.app */ = {isa = PBXFileReference; explicitFileType = wrapper.application; includeInIndex = 0; path = iTunesRSSFeedList.app; sourceTree = BUILT_PRODUCTS_DIR; };
		B0553B09234406620006EACF /* AppDelegate.swift */ = {isa = PBXFileReference; lastKnownFileType = sourcecode.swift; path = AppDelegate.swift; sourceTree = "<group>"; };
		B0553B0B234406620006EACF /* SceneDelegate.swift */ = {isa = PBXFileReference; lastKnownFileType = sourcecode.swift; path = SceneDelegate.swift; sourceTree = "<group>"; };
		B0553B0D234406620006EACF /* AlbumListViewController.swift */ = {isa = PBXFileReference; lastKnownFileType = sourcecode.swift; path = AlbumListViewController.swift; sourceTree = "<group>"; };
		B0553B12234406640006EACF /* Assets.xcassets */ = {isa = PBXFileReference; lastKnownFileType = folder.assetcatalog; path = Assets.xcassets; sourceTree = "<group>"; };
		B0553B15234406640006EACF /* Base */ = {isa = PBXFileReference; lastKnownFileType = file.storyboard; name = Base; path = Base.lproj/LaunchScreen.storyboard; sourceTree = "<group>"; };
		B0553B17234406640006EACF /* Info.plist */ = {isa = PBXFileReference; lastKnownFileType = text.plist.xml; path = Info.plist; sourceTree = "<group>"; };
		B0553B1C234406640006EACF /* iTunesRSSFeedListTests.xctest */ = {isa = PBXFileReference; explicitFileType = wrapper.cfbundle; includeInIndex = 0; path = iTunesRSSFeedListTests.xctest; sourceTree = BUILT_PRODUCTS_DIR; };
		B0553B20234406640006EACF /* iTunesRSSFeedListTests.swift */ = {isa = PBXFileReference; lastKnownFileType = sourcecode.swift; path = iTunesRSSFeedListTests.swift; sourceTree = "<group>"; };
		B0553B22234406640006EACF /* Info.plist */ = {isa = PBXFileReference; lastKnownFileType = text.plist.xml; path = Info.plist; sourceTree = "<group>"; };
		B080512A23451C9600D0E1CC /* NetworkError.swift */ = {isa = PBXFileReference; lastKnownFileType = sourcecode.swift; path = NetworkError.swift; sourceTree = "<group>"; };
		B080512C2345300600D0E1CC /* APIWrapper.swift */ = {isa = PBXFileReference; lastKnownFileType = sourcecode.swift; path = APIWrapper.swift; sourceTree = "<group>"; };
		B080512E23453B7300D0E1CC /* AlbumListViewModel.swift */ = {isa = PBXFileReference; lastKnownFileType = sourcecode.swift; path = AlbumListViewModel.swift; sourceTree = "<group>"; };
		B08051302345632D00D0E1CC /* AlbumTableViewCell.swift */ = {isa = PBXFileReference; lastKnownFileType = sourcecode.swift; path = AlbumTableViewCell.swift; sourceTree = "<group>"; };
		B0805133234625A200D0E1CC /* ImageCache.swift */ = {isa = PBXFileReference; lastKnownFileType = sourcecode.swift; path = ImageCache.swift; sourceTree = "<group>"; };
		B0805135234632AB00D0E1CC /* AlbumDetailViewController.swift */ = {isa = PBXFileReference; lastKnownFileType = sourcecode.swift; path = AlbumDetailViewController.swift; sourceTree = "<group>"; };
		B0805137234632C300D0E1CC /* AlbumDetailCoordinator.swift */ = {isa = PBXFileReference; lastKnownFileType = sourcecode.swift; path = AlbumDetailCoordinator.swift; sourceTree = "<group>"; };
		B0805139234632D400D0E1CC /* AlbumDetailViewModel.swift */ = {isa = PBXFileReference; lastKnownFileType = sourcecode.swift; path = AlbumDetailViewModel.swift; sourceTree = "<group>"; };
		B0A77B712344F6D100DB9DDE /* UIViewHelpers.swift */ = {isa = PBXFileReference; lastKnownFileType = sourcecode.swift; path = UIViewHelpers.swift; sourceTree = "<group>"; };
		B0C2B74B2347F25D005BF93A /* CustomUIColors.swift */ = {isa = PBXFileReference; lastKnownFileType = sourcecode.swift; path = CustomUIColors.swift; sourceTree = "<group>"; };
		B0C2B74D2347F5A2005BF93A /* AlbumActionButton.swift */ = {isa = PBXFileReference; lastKnownFileType = sourcecode.swift; path = AlbumActionButton.swift; sourceTree = "<group>"; };
		B0CB397D23450CDB006881B3 /* Constants.swift */ = {isa = PBXFileReference; lastKnownFileType = sourcecode.swift; path = Constants.swift; sourceTree = "<group>"; };
		B0CB398023451164006881B3 /* Album.swift */ = {isa = PBXFileReference; lastKnownFileType = sourcecode.swift; path = Album.swift; sourceTree = "<group>"; };
		B0CB3982234512FF006881B3 /* Genre.swift */ = {isa = PBXFileReference; lastKnownFileType = sourcecode.swift; path = Genre.swift; sourceTree = "<group>"; };
		B0CB3985234514B6006881B3 /* NetworkRequest.swift */ = {isa = PBXFileReference; lastKnownFileType = sourcecode.swift; path = NetworkRequest.swift; sourceTree = "<group>"; };
		B0EE292823450652006D38BB /* ApplicationCoordinator.swift */ = {isa = PBXFileReference; lastKnownFileType = sourcecode.swift; path = ApplicationCoordinator.swift; sourceTree = "<group>"; };
		B0EE292A234508D4006D38BB /* AlbumListCoordinator.swift */ = {isa = PBXFileReference; lastKnownFileType = sourcecode.swift; path = AlbumListCoordinator.swift; sourceTree = "<group>"; };
/* End PBXFileReference section */

/* Begin PBXFrameworksBuildPhase section */
		B0553B03234406620006EACF /* Frameworks */ = {
			isa = PBXFrameworksBuildPhase;
			buildActionMask = 2147483647;
			files = (
			);
			runOnlyForDeploymentPostprocessing = 0;
		};
		B0553B19234406640006EACF /* Frameworks */ = {
			isa = PBXFrameworksBuildPhase;
			buildActionMask = 2147483647;
			files = (
			);
			runOnlyForDeploymentPostprocessing = 0;
		};
/* End PBXFrameworksBuildPhase section */

/* Begin PBXGroup section */
		B010760A2347A0E9008CE3D9 /* Grid Generator */ = {
			isa = PBXGroup;
			children = (
				B010760B2347A12C008CE3D9 /* GridGenerator.swift */,
				B010760D2347A181008CE3D9 /* AlbumGridConfiguration.swift */,
			);
			path = "Grid Generator";
			sourceTree = "<group>";
		};
		B010760F2347ABE6008CE3D9 /* CustomUIElements */ = {
			isa = PBXGroup;
			children = (
				B01076102347AC04008CE3D9 /* GridUILabels.swift */,
				B01076122347AFF8008CE3D9 /* GridSeparatorView.swift */,
				B0C2B74B2347F25D005BF93A /* CustomUIColors.swift */,
				B0C2B74D2347F5A2005BF93A /* AlbumActionButton.swift */,
			);
			path = CustomUIElements;
			sourceTree = "<group>";
		};
		B0553AFD234406620006EACF = {
			isa = PBXGroup;
			children = (
				B0553B08234406620006EACF /* iTunesRSSFeedList */,
				B0553B1F234406640006EACF /* iTunesRSSFeedListTests */,
				B0553B07234406620006EACF /* Products */,
			);
			sourceTree = "<group>";
		};
		B0553B07234406620006EACF /* Products */ = {
			isa = PBXGroup;
			children = (
				B0553B06234406620006EACF /* iTunesRSSFeedList.app */,
				B0553B1C234406640006EACF /* iTunesRSSFeedListTests.xctest */,
			);
			name = Products;
			sourceTree = "<group>";
		};
		B0553B08234406620006EACF /* iTunesRSSFeedList */ = {
			isa = PBXGroup;
			children = (
				B0CB397F23451034006881B3 /* Services */,
				B0A77B702344F69300DB9DDE /* Helpers */,
				B0EE292523450106006D38BB /* Coordinators */,
				B0EE292423450101006D38BB /* Models */,
				B0A77B6F2344F4E500DB9DDE /* ViewControllers */,
				B0EE29262345010E006D38BB /* ViewModels */,
				B0EE2927234503DE006D38BB /* Views */,
				B0553B09234406620006EACF /* AppDelegate.swift */,
				B0553B0B234406620006EACF /* SceneDelegate.swift */,
				B0553B12234406640006EACF /* Assets.xcassets */,
				B0553B14234406640006EACF /* LaunchScreen.storyboard */,
				B0553B17234406640006EACF /* Info.plist */,
			);
			path = iTunesRSSFeedList;
			sourceTree = "<group>";
		};
		B0553B1F234406640006EACF /* iTunesRSSFeedListTests */ = {
			isa = PBXGroup;
			children = (
				B0553B20234406640006EACF /* iTunesRSSFeedListTests.swift */,
				B0553B22234406640006EACF /* Info.plist */,
			);
			path = iTunesRSSFeedListTests;
			sourceTree = "<group>";
		};
		B08051322346259100D0E1CC /* Image Caching */ = {
			isa = PBXGroup;
			children = (
				B0805133234625A200D0E1CC /* ImageCache.swift */,
			);
			path = "Image Caching";
			sourceTree = "<group>";
		};
		B0A77B6F2344F4E500DB9DDE /* ViewControllers */ = {
			isa = PBXGroup;
			children = (
				B0553B0D234406620006EACF /* AlbumListViewController.swift */,
				B0805135234632AB00D0E1CC /* AlbumDetailViewController.swift */,
			);
			path = ViewControllers;
			sourceTree = "<group>";
		};
		B0A77B702344F69300DB9DDE /* Helpers */ = {
			isa = PBXGroup;
			children = (
				B0A77B712344F6D100DB9DDE /* UIViewHelpers.swift */,
				B0CB397D23450CDB006881B3 /* Constants.swift */,
			);
			path = Helpers;
			sourceTree = "<group>";
		};
		B0CB397F23451034006881B3 /* Services */ = {
			isa = PBXGroup;
			children = (
				B010760A2347A0E9008CE3D9 /* Grid Generator */,
				B08051322346259100D0E1CC /* Image Caching */,
				B0CB39842345149A006881B3 /* Networking */,
			);
			path = Services;
			sourceTree = "<group>";
		};
		B0CB39842345149A006881B3 /* Networking */ = {
			isa = PBXGroup;
			children = (
				B0CB3985234514B6006881B3 /* NetworkRequest.swift */,
				B080512A23451C9600D0E1CC /* NetworkError.swift */,
			);
			path = Networking;
			sourceTree = "<group>";
		};
		B0EE292423450101006D38BB /* Models */ = {
			isa = PBXGroup;
			children = (
				B0CB398023451164006881B3 /* Album.swift */,
				B0CB3982234512FF006881B3 /* Genre.swift */,
				B080512C2345300600D0E1CC /* APIWrapper.swift */,
			);
			path = Models;
			sourceTree = "<group>";
		};
		B0EE292523450106006D38BB /* Coordinators */ = {
			isa = PBXGroup;
			children = (
				B0EE292823450652006D38BB /* ApplicationCoordinator.swift */,
				B0EE292A234508D4006D38BB /* AlbumListCoordinator.swift */,
				B0805137234632C300D0E1CC /* AlbumDetailCoordinator.swift */,
			);
			path = Coordinators;
			sourceTree = "<group>";
		};
		B0EE29262345010E006D38BB /* ViewModels */ = {
			isa = PBXGroup;
			children = (
				B080512E23453B7300D0E1CC /* AlbumListViewModel.swift */,
				B0805139234632D400D0E1CC /* AlbumDetailViewModel.swift */,
			);
			path = ViewModels;
			sourceTree = "<group>";
		};
		B0EE2927234503DE006D38BB /* Views */ = {
			isa = PBXGroup;
			children = (
				B010760F2347ABE6008CE3D9 /* CustomUIElements */,
				B08051302345632D00D0E1CC /* AlbumTableViewCell.swift */,
			);
			path = Views;
			sourceTree = "<group>";
		};
/* End PBXGroup section */

/* Begin PBXNativeTarget section */
		B0553B05234406620006EACF /* iTunesRSSFeedList */ = {
			isa = PBXNativeTarget;
			buildConfigurationList = B0553B25234406640006EACF /* Build configuration list for PBXNativeTarget "iTunesRSSFeedList" */;
			buildPhases = (
				B0553B02234406620006EACF /* Sources */,
				B0553B03234406620006EACF /* Frameworks */,
				B0553B04234406620006EACF /* Resources */,
			);
			buildRules = (
			);
			dependencies = (
			);
			name = iTunesRSSFeedList;
			productName = iTunesRSSFeedList;
			productReference = B0553B06234406620006EACF /* iTunesRSSFeedList.app */;
			productType = "com.apple.product-type.application";
		};
		B0553B1B234406640006EACF /* iTunesRSSFeedListTests */ = {
			isa = PBXNativeTarget;
			buildConfigurationList = B0553B28234406640006EACF /* Build configuration list for PBXNativeTarget "iTunesRSSFeedListTests" */;
			buildPhases = (
				B0553B18234406640006EACF /* Sources */,
				B0553B19234406640006EACF /* Frameworks */,
				B0553B1A234406640006EACF /* Resources */,
			);
			buildRules = (
			);
			dependencies = (
				B0553B1E234406640006EACF /* PBXTargetDependency */,
			);
			name = iTunesRSSFeedListTests;
			productName = iTunesRSSFeedListTests;
			productReference = B0553B1C234406640006EACF /* iTunesRSSFeedListTests.xctest */;
			productType = "com.apple.product-type.bundle.unit-test";
		};
/* End PBXNativeTarget section */

/* Begin PBXProject section */
		B0553AFE234406620006EACF /* Project object */ = {
			isa = PBXProject;
			attributes = {
				LastSwiftUpdateCheck = 1100;
				LastUpgradeCheck = 1100;
				ORGANIZATIONNAME = Adolfo;
				TargetAttributes = {
					B0553B05234406620006EACF = {
						CreatedOnToolsVersion = 11.0;
					};
					B0553B1B234406640006EACF = {
						CreatedOnToolsVersion = 11.0;
						TestTargetID = B0553B05234406620006EACF;
					};
				};
			};
			buildConfigurationList = B0553B01234406620006EACF /* Build configuration list for PBXProject "iTunesRSSFeedList" */;
			compatibilityVersion = "Xcode 9.3";
			developmentRegion = en;
			hasScannedForEncodings = 0;
			knownRegions = (
				en,
				Base,
			);
			mainGroup = B0553AFD234406620006EACF;
			productRefGroup = B0553B07234406620006EACF /* Products */;
			projectDirPath = "";
			projectRoot = "";
			targets = (
				B0553B05234406620006EACF /* iTunesRSSFeedList */,
				B0553B1B234406640006EACF /* iTunesRSSFeedListTests */,
			);
		};
/* End PBXProject section */

/* Begin PBXResourcesBuildPhase section */
		B0553B04234406620006EACF /* Resources */ = {
			isa = PBXResourcesBuildPhase;
			buildActionMask = 2147483647;
			files = (
				B0553B16234406640006EACF /* LaunchScreen.storyboard in Resources */,
				B0553B13234406640006EACF /* Assets.xcassets in Resources */,
			);
			runOnlyForDeploymentPostprocessing = 0;
		};
		B0553B1A234406640006EACF /* Resources */ = {
			isa = PBXResourcesBuildPhase;
			buildActionMask = 2147483647;
			files = (
			);
			runOnlyForDeploymentPostprocessing = 0;
		};
/* End PBXResourcesBuildPhase section */

/* Begin PBXSourcesBuildPhase section */
		B0553B02234406620006EACF /* Sources */ = {
			isa = PBXSourcesBuildPhase;
			buildActionMask = 2147483647;
			files = (
				B0805134234625A200D0E1CC /* ImageCache.swift in Sources */,
				B0CB3983234512FF006881B3 /* Genre.swift in Sources */,
				B0EE292923450652006D38BB /* ApplicationCoordinator.swift in Sources */,
				B080512B23451C9600D0E1CC /* NetworkError.swift in Sources */,
				B080512F23453B7300D0E1CC /* AlbumListViewModel.swift in Sources */,
				B0553B0E234406620006EACF /* AlbumListViewController.swift in Sources */,
				B0EE292B234508D4006D38BB /* AlbumListCoordinator.swift in Sources */,
				B0CB3986234514B6006881B3 /* NetworkRequest.swift in Sources */,
				B0553B0A234406620006EACF /* AppDelegate.swift in Sources */,
				B0CB397E23450CDB006881B3 /* Constants.swift in Sources */,
				B0A77B722344F6D100DB9DDE /* UIViewHelpers.swift in Sources */,
				B080513A234632D400D0E1CC /* AlbumDetailViewModel.swift in Sources */,
				B01076132347AFF8008CE3D9 /* GridSeparatorView.swift in Sources */,
				B0553B0C234406620006EACF /* SceneDelegate.swift in Sources */,
				B01076112347AC04008CE3D9 /* GridUILabels.swift in Sources */,
				B08051312345632D00D0E1CC /* AlbumTableViewCell.swift in Sources */,
				B0C2B74C2347F25D005BF93A /* CustomUIColors.swift in Sources */,
				B0805136234632AB00D0E1CC /* AlbumDetailViewController.swift in Sources */,
				B080512D2345300700D0E1CC /* APIWrapper.swift in Sources */,
				B0805138234632C300D0E1CC /* AlbumDetailCoordinator.swift in Sources */,
				B010760C2347A12C008CE3D9 /* GridGenerator.swift in Sources */,
				B0C2B74E2347F5A2005BF93A /* AlbumActionButton.swift in Sources */,
				B010760E2347A181008CE3D9 /* AlbumGridConfiguration.swift in Sources */,
				B0CB398123451164006881B3 /* Album.swift in Sources */,
			);
			runOnlyForDeploymentPostprocessing = 0;
		};
		B0553B18234406640006EACF /* Sources */ = {
			isa = PBXSourcesBuildPhase;
			buildActionMask = 2147483647;
			files = (
				B0553B21234406640006EACF /* iTunesRSSFeedListTests.swift in Sources */,
			);
			runOnlyForDeploymentPostprocessing = 0;
		};
/* End PBXSourcesBuildPhase section */

/* Begin PBXTargetDependency section */
		B0553B1E234406640006EACF /* PBXTargetDependency */ = {
			isa = PBXTargetDependency;
			target = B0553B05234406620006EACF /* iTunesRSSFeedList */;
			targetProxy = B0553B1D234406640006EACF /* PBXContainerItemProxy */;
		};
/* End PBXTargetDependency section */

/* Begin PBXVariantGroup section */
		B0553B14234406640006EACF /* LaunchScreen.storyboard */ = {
			isa = PBXVariantGroup;
			children = (
				B0553B15234406640006EACF /* Base */,
			);
			name = LaunchScreen.storyboard;
			sourceTree = "<group>";
		};
/* End PBXVariantGroup section */

/* Begin XCBuildConfiguration section */
		B0553B23234406640006EACF /* Debug */ = {
			isa = XCBuildConfiguration;
			buildSettings = {
				ALWAYS_SEARCH_USER_PATHS = NO;
				CLANG_ANALYZER_NONNULL = YES;
				CLANG_ANALYZER_NUMBER_OBJECT_CONVERSION = YES_AGGRESSIVE;
				CLANG_CXX_LANGUAGE_STANDARD = "gnu++14";
				CLANG_CXX_LIBRARY = "libc++";
				CLANG_ENABLE_MODULES = YES;
				CLANG_ENABLE_OBJC_ARC = YES;
				CLANG_ENABLE_OBJC_WEAK = YES;
				CLANG_WARN_BLOCK_CAPTURE_AUTORELEASING = YES;
				CLANG_WARN_BOOL_CONVERSION = YES;
				CLANG_WARN_COMMA = YES;
				CLANG_WARN_CONSTANT_CONVERSION = YES;
				CLANG_WARN_DEPRECATED_OBJC_IMPLEMENTATIONS = YES;
				CLANG_WARN_DIRECT_OBJC_ISA_USAGE = YES_ERROR;
				CLANG_WARN_DOCUMENTATION_COMMENTS = YES;
				CLANG_WARN_EMPTY_BODY = YES;
				CLANG_WARN_ENUM_CONVERSION = YES;
				CLANG_WARN_INFINITE_RECURSION = YES;
				CLANG_WARN_INT_CONVERSION = YES;
				CLANG_WARN_NON_LITERAL_NULL_CONVERSION = YES;
				CLANG_WARN_OBJC_IMPLICIT_RETAIN_SELF = YES;
				CLANG_WARN_OBJC_LITERAL_CONVERSION = YES;
				CLANG_WARN_OBJC_ROOT_CLASS = YES_ERROR;
				CLANG_WARN_RANGE_LOOP_ANALYSIS = YES;
				CLANG_WARN_STRICT_PROTOTYPES = YES;
				CLANG_WARN_SUSPICIOUS_MOVE = YES;
				CLANG_WARN_UNGUARDED_AVAILABILITY = YES_AGGRESSIVE;
				CLANG_WARN_UNREACHABLE_CODE = YES;
				CLANG_WARN__DUPLICATE_METHOD_MATCH = YES;
				COPY_PHASE_STRIP = NO;
				DEBUG_INFORMATION_FORMAT = dwarf;
				ENABLE_STRICT_OBJC_MSGSEND = YES;
				ENABLE_TESTABILITY = YES;
				GCC_C_LANGUAGE_STANDARD = gnu11;
				GCC_DYNAMIC_NO_PIC = NO;
				GCC_NO_COMMON_BLOCKS = YES;
				GCC_OPTIMIZATION_LEVEL = 0;
				GCC_PREPROCESSOR_DEFINITIONS = (
					"DEBUG=1",
					"$(inherited)",
				);
				GCC_WARN_64_TO_32_BIT_CONVERSION = YES;
				GCC_WARN_ABOUT_RETURN_TYPE = YES_ERROR;
				GCC_WARN_UNDECLARED_SELECTOR = YES;
				GCC_WARN_UNINITIALIZED_AUTOS = YES_AGGRESSIVE;
				GCC_WARN_UNUSED_FUNCTION = YES;
				GCC_WARN_UNUSED_VARIABLE = YES;
				IPHONEOS_DEPLOYMENT_TARGET = 13.0;
				MTL_ENABLE_DEBUG_INFO = INCLUDE_SOURCE;
				MTL_FAST_MATH = YES;
				ONLY_ACTIVE_ARCH = YES;
				SDKROOT = iphoneos;
				SWIFT_ACTIVE_COMPILATION_CONDITIONS = DEBUG;
				SWIFT_OPTIMIZATION_LEVEL = "-Onone";
			};
			name = Debug;
		};
		B0553B24234406640006EACF /* Release */ = {
			isa = XCBuildConfiguration;
			buildSettings = {
				ALWAYS_SEARCH_USER_PATHS = NO;
				CLANG_ANALYZER_NONNULL = YES;
				CLANG_ANALYZER_NUMBER_OBJECT_CONVERSION = YES_AGGRESSIVE;
				CLANG_CXX_LANGUAGE_STANDARD = "gnu++14";
				CLANG_CXX_LIBRARY = "libc++";
				CLANG_ENABLE_MODULES = YES;
				CLANG_ENABLE_OBJC_ARC = YES;
				CLANG_ENABLE_OBJC_WEAK = YES;
				CLANG_WARN_BLOCK_CAPTURE_AUTORELEASING = YES;
				CLANG_WARN_BOOL_CONVERSION = YES;
				CLANG_WARN_COMMA = YES;
				CLANG_WARN_CONSTANT_CONVERSION = YES;
				CLANG_WARN_DEPRECATED_OBJC_IMPLEMENTATIONS = YES;
				CLANG_WARN_DIRECT_OBJC_ISA_USAGE = YES_ERROR;
				CLANG_WARN_DOCUMENTATION_COMMENTS = YES;
				CLANG_WARN_EMPTY_BODY = YES;
				CLANG_WARN_ENUM_CONVERSION = YES;
				CLANG_WARN_INFINITE_RECURSION = YES;
				CLANG_WARN_INT_CONVERSION = YES;
				CLANG_WARN_NON_LITERAL_NULL_CONVERSION = YES;
				CLANG_WARN_OBJC_IMPLICIT_RETAIN_SELF = YES;
				CLANG_WARN_OBJC_LITERAL_CONVERSION = YES;
				CLANG_WARN_OBJC_ROOT_CLASS = YES_ERROR;
				CLANG_WARN_RANGE_LOOP_ANALYSIS = YES;
				CLANG_WARN_STRICT_PROTOTYPES = YES;
				CLANG_WARN_SUSPICIOUS_MOVE = YES;
				CLANG_WARN_UNGUARDED_AVAILABILITY = YES_AGGRESSIVE;
				CLANG_WARN_UNREACHABLE_CODE = YES;
				CLANG_WARN__DUPLICATE_METHOD_MATCH = YES;
				COPY_PHASE_STRIP = NO;
				DEBUG_INFORMATION_FORMAT = "dwarf-with-dsym";
				ENABLE_NS_ASSERTIONS = NO;
				ENABLE_STRICT_OBJC_MSGSEND = YES;
				GCC_C_LANGUAGE_STANDARD = gnu11;
				GCC_NO_COMMON_BLOCKS = YES;
				GCC_WARN_64_TO_32_BIT_CONVERSION = YES;
				GCC_WARN_ABOUT_RETURN_TYPE = YES_ERROR;
				GCC_WARN_UNDECLARED_SELECTOR = YES;
				GCC_WARN_UNINITIALIZED_AUTOS = YES_AGGRESSIVE;
				GCC_WARN_UNUSED_FUNCTION = YES;
				GCC_WARN_UNUSED_VARIABLE = YES;
				IPHONEOS_DEPLOYMENT_TARGET = 13.0;
				MTL_ENABLE_DEBUG_INFO = NO;
				MTL_FAST_MATH = YES;
				SDKROOT = iphoneos;
				SWIFT_COMPILATION_MODE = wholemodule;
				SWIFT_OPTIMIZATION_LEVEL = "-O";
				VALIDATE_PRODUCT = YES;
			};
			name = Release;
		};
		B0553B26234406640006EACF /* Debug */ = {
			isa = XCBuildConfiguration;
			buildSettings = {
				ASSETCATALOG_COMPILER_APPICON_NAME = AppIcon;
				CODE_SIGN_IDENTITY = "Apple Development";
				CODE_SIGN_STYLE = Automatic;
				DEVELOPMENT_TEAM = S2EKXNXGPT;
				INFOPLIST_FILE = iTunesRSSFeedList/Info.plist;
				LD_RUNPATH_SEARCH_PATHS = (
					"$(inherited)",
					"@executable_path/Frameworks",
				);
				PRODUCT_BUNDLE_IDENTIFIER = AdolfoGarza.iTunesRSSFeedList;
				PRODUCT_NAME = "$(TARGET_NAME)";
				PROVISIONING_PROFILE_SPECIFIER = "";
				SWIFT_VERSION = 5.0;
				TARGETED_DEVICE_FAMILY = 1;
			};
			name = Debug;
		};
		B0553B27234406640006EACF /* Release */ = {
			isa = XCBuildConfiguration;
			buildSettings = {
				ASSETCATALOG_COMPILER_APPICON_NAME = AppIcon;
				CODE_SIGN_IDENTITY = "Apple Development";
				CODE_SIGN_STYLE = Automatic;
				DEVELOPMENT_TEAM = S2EKXNXGPT;
				INFOPLIST_FILE = iTunesRSSFeedList/Info.plist;
				LD_RUNPATH_SEARCH_PATHS = (
					"$(inherited)",
					"@executable_path/Frameworks",
				);
				PRODUCT_BUNDLE_IDENTIFIER = AdolfoGarza.iTunesRSSFeedList;
				PRODUCT_NAME = "$(TARGET_NAME)";
				PROVISIONING_PROFILE_SPECIFIER = "";
				SWIFT_VERSION = 5.0;
				TARGETED_DEVICE_FAMILY = 1;
			};
			name = Release;
		};
		B0553B29234406640006EACF /* Debug */ = {
			isa = XCBuildConfiguration;
			buildSettings = {
				ALWAYS_EMBED_SWIFT_STANDARD_LIBRARIES = YES;
				BUNDLE_LOADER = "$(TEST_HOST)";
				CODE_SIGN_STYLE = Automatic;
				DEVELOPMENT_TEAM = S2EKXNXGPT;
				INFOPLIST_FILE = iTunesRSSFeedListTests/Info.plist;
				IPHONEOS_DEPLOYMENT_TARGET = 13.0;
				LD_RUNPATH_SEARCH_PATHS = (
					"$(inherited)",
					"@executable_path/Frameworks",
					"@loader_path/Frameworks",
				);
				PRODUCT_BUNDLE_IDENTIFIER = AdolfoGarza.iTunesRSSFeedListTests;
				PRODUCT_NAME = "$(TARGET_NAME)";
				SWIFT_VERSION = 5.0;
				TARGETED_DEVICE_FAMILY = "1,2";
				TEST_HOST = "$(BUILT_PRODUCTS_DIR)/iTunesRSSFeedList.app/iTunesRSSFeedList";
			};
			name = Debug;
		};
		B0553B2A234406640006EACF /* Release */ = {
			isa = XCBuildConfiguration;
			buildSettings = {
				ALWAYS_EMBED_SWIFT_STANDARD_LIBRARIES = YES;
				BUNDLE_LOADER = "$(TEST_HOST)";
				CODE_SIGN_STYLE = Automatic;
				DEVELOPMENT_TEAM = S2EKXNXGPT;
				INFOPLIST_FILE = iTunesRSSFeedListTests/Info.plist;
				IPHONEOS_DEPLOYMENT_TARGET = 13.0;
				LD_RUNPATH_SEARCH_PATHS = (
					"$(inherited)",
					"@executable_path/Frameworks",
					"@loader_path/Frameworks",
				);
				PRODUCT_BUNDLE_IDENTIFIER = AdolfoGarza.iTunesRSSFeedListTests;
				PRODUCT_NAME = "$(TARGET_NAME)";
				SWIFT_VERSION = 5.0;
				TARGETED_DEVICE_FAMILY = "1,2";
				TEST_HOST = "$(BUILT_PRODUCTS_DIR)/iTunesRSSFeedList.app/iTunesRSSFeedList";
			};
			name = Release;
		};
/* End XCBuildConfiguration section */

/* Begin XCConfigurationList section */
		B0553B01234406620006EACF /* Build configuration list for PBXProject "iTunesRSSFeedList" */ = {
			isa = XCConfigurationList;
			buildConfigurations = (
				B0553B23234406640006EACF /* Debug */,
				B0553B24234406640006EACF /* Release */,
			);
			defaultConfigurationIsVisible = 0;
			defaultConfigurationName = Release;
		};
		B0553B25234406640006EACF /* Build configuration list for PBXNativeTarget "iTunesRSSFeedList" */ = {
			isa = XCConfigurationList;
			buildConfigurations = (
				B0553B26234406640006EACF /* Debug */,
				B0553B27234406640006EACF /* Release */,
			);
			defaultConfigurationIsVisible = 0;
			defaultConfigurationName = Release;
		};
		B0553B28234406640006EACF /* Build configuration list for PBXNativeTarget "iTunesRSSFeedListTests" */ = {
			isa = XCConfigurationList;
			buildConfigurations = (
				B0553B29234406640006EACF /* Debug */,
				B0553B2A234406640006EACF /* Release */,
			);
			defaultConfigurationIsVisible = 0;
			defaultConfigurationName = Release;
		};
/* End XCConfigurationList section */
	};
	rootObject = B0553AFE234406620006EACF /* Project object */;
}
